{
    "_meta": {
        "hash": {
            "sha256": "8fc3e07fae46613233a1c6cd66298db9d5b6fbbfd182591cd8880489d7027421"
        },
        "pipfile-spec": 6,
        "requires": {
            "python_version": "3.10"
        },
        "sources": [
            {
                "name": "pypi",
                "url": "https://pypi.org/simple",
                "verify_ssl": true
            }
        ]
    },
    "default": {
        "prompt-toolkit": {
            "hashes": [
                "sha256:4bcf119be2200c17ed0d518872ef922f1de336eb6d1ddbd1e089ceb6447d97c6",
                "sha256:a51d41a6a45fd9def54365bca8f0402c8f182f2b6f7e29c74d55faeb9fb38ac4"
            ],
            "markers": "python_full_version >= '3.6.2'",
            "version": "==3.0.26"
        },
        "questionary": {
            "hashes": [
                "sha256:600d3aefecce26d48d97eee936fdb66e4bc27f934c3ab6dd1e292c4f43946d90",
                "sha256:fecfcc8cca110fda9d561cb83f1e97ecbb93c613ff857f655818839dac74ce90"
            ],
            "index": "pypi",
            "version": "==1.10.0"
        },
        "wcwidth": {
            "hashes": [
                "sha256:beb4802a9cebb9144e99086eff703a642a13d6a0052920003a230f3294bbe784",
                "sha256:c4d647b99872929fdb7bdcaa4fbe7f01413ed3d98077df798530e5b04f116c83"
            ],
            "version": "==0.2.5"
        }
    },
    "develop": {}
}
